
Microsoft Visual Studio Solution File, Format Version 12.00
# Visual Studio 15
VisualStudioVersion = 15.0.27130.2020
MinimumVisualStudioVersion = 10.0.40219.1
Project("{FAE04EC0-301F-11D3-BF4B-00C04F79EFBC}") = "Asyncserver", "Asyncserver\Asyncserver.csproj", "{BBF52DC3-BC0F-4D53-928A-AFA4C712019F}"
EndProject
Global
	GlobalSection(SolutionConfigurationPlatforms) = preSolution
		Debug|Any CPU = Debug|Any CPU
		Release|Any CPU = Release|Any CPU
	EndGlobalSection
	GlobalSection(ProjectConfigurationPlatforms) = postSolution
		{BBF52DC3-BC0F-4D53-928A-AFA4C712019F}.Debug|Any CPU.ActiveCfg = Debug|Any CPU
		{BBF52DC3-BC0F-4D53-928A-AFA4C712019F}.Debug|Any CPU.Build.0 = Debug|Any CPU
		{BBF52DC3-BC0F-4D53-928A-AFA4C712019F}.Release|Any CPU.ActiveCfg = Release|Any CPU
		{BBF52DC3-BC0F-4D53-928A-AFA4C712019F}.Release|Any CPU.Build.0 = Release|Any CPU
	EndGlobalSection
	GlobalSection(SolutionProperties) = preSolution
		HideSolutionNode = FALSE
	EndGlobalSection
	GlobalSection(ExtensibilityGlobals) = postSolution
		SolutionGuid = {DEF42F29-5936-4876-B329-A2563EC36B20}
	EndGlobalSection
EndGlobal
